
Microsoft Visual Studio Solution File, Format Version 12.00
# Visual Studio 15
VisualStudioVersion = 15.0.27428.2002
MinimumVisualStudioVersion = 10.0.40219.1
Project("{FAE04EC0-301F-11D3-BF4B-00C04F79EFBC}") = "DataTableActivities", "DataTableActivities\DataTableActivities.csproj", "{BD275043-32BD-4A42-BB14-08D54E9314DB}"
EndProject
Project("{FAE04EC0-301F-11D3-BF4B-00C04F79EFBC}") = "DataTableActivities.Design", "DataTableActivities.Designer\DataTableActivities.Design.csproj", "{5935FD9A-70B1-4B8B-B291-F37BB6E1E24A}"
EndProject
Project("{FAE04EC0-301F-11D3-BF4B-00C04F79EFBC}") = "WorkflowHost", "ActivityHost\WorkflowHost.csproj", "{CCFEA404-3E01-43EE-A498-AE093ED04075}"
EndProject
Global
	GlobalSection(SolutionConfigurationPlatforms) = preSolution
		Debug|Any CPU = Debug|Any CPU
		Debug|x86 = Debug|x86
		Release|Any CPU = Release|Any CPU
		Release|x86 = Release|x86
	EndGlobalSection
	GlobalSection(ProjectConfigurationPlatforms) = postSolution
		{BD275043-32BD-4A42-BB14-08D54E9314DB}.Debug|Any CPU.ActiveCfg = Debug|Any CPU
		{BD275043-32BD-4A42-BB14-08D54E9314DB}.Debug|Any CPU.Build.0 = Debug|Any CPU
		{BD275043-32BD-4A42-BB14-08D54E9314DB}.Debug|x86.ActiveCfg = Debug|Any CPU
		{BD275043-32BD-4A42-BB14-08D54E9314DB}.Debug|x86.Build.0 = Debug|Any CPU
		{BD275043-32BD-4A42-BB14-08D54E9314DB}.Release|Any CPU.ActiveCfg = Release|Any CPU
		{BD275043-32BD-4A42-BB14-08D54E9314DB}.Release|Any CPU.Build.0 = Release|Any CPU
		{BD275043-32BD-4A42-BB14-08D54E9314DB}.Release|x86.ActiveCfg = Release|Any CPU
		{BD275043-32BD-4A42-BB14-08D54E9314DB}.Release|x86.Build.0 = Release|Any CPU
		{5935FD9A-70B1-4B8B-B291-F37BB6E1E24A}.Debug|Any CPU.ActiveCfg = Debug|Any CPU
		{5935FD9A-70B1-4B8B-B291-F37BB6E1E24A}.Debug|Any CPU.Build.0 = Debug|Any CPU
		{5935FD9A-70B1-4B8B-B291-F37BB6E1E24A}.Debug|x86.ActiveCfg = Debug|Any CPU
		{5935FD9A-70B1-4B8B-B291-F37BB6E1E24A}.Debug|x86.Build.0 = Debug|Any CPU
		{5935FD9A-70B1-4B8B-B291-F37BB6E1E24A}.Release|Any CPU.ActiveCfg = Release|Any CPU
		{5935FD9A-70B1-4B8B-B291-F37BB6E1E24A}.Release|Any CPU.Build.0 = Release|Any CPU
		{5935FD9A-70B1-4B8B-B291-F37BB6E1E24A}.Release|x86.ActiveCfg = Release|Any CPU
		{5935FD9A-70B1-4B8B-B291-F37BB6E1E24A}.Release|x86.Build.0 = Release|Any CPU
		{CCFEA404-3E01-43EE-A498-AE093ED04075}.Debug|Any CPU.ActiveCfg = Debug|Any CPU
		{CCFEA404-3E01-43EE-A498-AE093ED04075}.Debug|Any CPU.Build.0 = Debug|Any CPU
		{CCFEA404-3E01-43EE-A498-AE093ED04075}.Debug|x86.ActiveCfg = Debug|Any CPU
		{CCFEA404-3E01-43EE-A498-AE093ED04075}.Debug|x86.Build.0 = Debug|Any CPU
		{CCFEA404-3E01-43EE-A498-AE093ED04075}.Release|Any CPU.ActiveCfg = Release|Any CPU
		{CCFEA404-3E01-43EE-A498-AE093ED04075}.Release|Any CPU.Build.0 = Release|Any CPU
		{CCFEA404-3E01-43EE-A498-AE093ED04075}.Release|x86.ActiveCfg = Release|Any CPU
		{CCFEA404-3E01-43EE-A498-AE093ED04075}.Release|x86.Build.0 = Release|Any CPU
	EndGlobalSection
	GlobalSection(SolutionProperties) = preSolution
		HideSolutionNode = FALSE
	EndGlobalSection
	GlobalSection(ExtensibilityGlobals) = postSolution
		SolutionGuid = {8FE04125-35DF-4B0F-9062-D359EAD3717B}
	EndGlobalSection
EndGlobal
